{
    "dama/doctrine-test-bundle": {
        "version": "4.0",
        "recipe": {
            "repo": "github.com/symfony/recipes-contrib",
            "branch": "master",
            "version": "4.0",
            "ref": "56eaa387b5e48ebcc7c95a893b47dfa1ad51449c"
        },
        "files": [
            "config/packages/test/dama_doctrine_test_bundle.yaml"
        ]
    },
    "doctrine/data-fixtures": {
        "version": "1.5.0"
    },
    "doctrine/doctrine-fixtures-bundle": {
        "version": "3.0",
        "recipe": {
            "repo": "github.com/symfony/recipes",
            "branch": "master",
            "version": "3.0",
            "ref": "e5b542d4ef47d8a003c91beb35650c76907f7e53"
        },
        "files": [
            "src/DataFixtures/AppFixtures.php"
        ]
    },
    "monolog/monolog": {
        "version": "2.2.0"
    },
    "phpdocumentor/reflection-common": {
        "version": "2.2.0"
    },
    "phpdocumentor/reflection-docblock": {
        "version": "5.2.2"
    },
    "phpdocumentor/type-resolver": {
        "version": "1.4.0"
    },
    "phpstan/extension-installer": {
        "version": "1.1.0"
    },
    "phpstan/phpstan": {
        "version": "0.12.81"
    },
    "phpstan/phpstan-doctrine": {
        "version": "0.12.33"
    },
    "phpstan/phpstan-symfony": {
        "version": "0.12.21"
    },
    "squizlabs/php_codesniffer": {
        "version": "3.0",
        "recipe": {
            "repo": "github.com/symfony/recipes-contrib",
            "branch": "master",
            "version": "3.0",
            "ref": "0dc9cceda799fd3a08b96987e176a261028a3709"
        },
        "files": [
            "phpcs.xml.dist"
        ]
    },
    "symfony/browser-kit": {
        "version": "v5.2.3"
    },
    "symfony/debug-bundle": {
        "version": "4.1",
        "recipe": {
            "repo": "github.com/symfony/recipes",
            "branch": "master",
            "version": "4.1",
            "ref": "f8863cbad2f2e58c4b65fa1eac892ab189971bea"
        },
        "files": [
            "config/packages/dev/debug.yaml"
        ]
    },
    "symfony/dom-crawler": {
        "version": "v5.2.3"
    },
    "symfony/maker-bundle": {
        "version": "1.0",
        "recipe": {
            "repo": "github.com/symfony/recipes",
            "branch": "master",
            "version": "1.0",
            "ref": "fadbfe33303a76e25cb63401050439aa9b1a9c7f"
        }
    },
    "symfony/monolog-bridge": {
        "version": "v5.2.5"
    },
    "symfony/monolog-bundle": {
        "version": "3.3",
        "recipe": {
            "repo": "github.com/symfony/recipes",
            "branch": "master",
            "version": "3.3",
            "ref": "d7249f7d560f6736115eee1851d02a65826f0a56"
        },
        "files": [
            "config/packages/dev/monolog.yaml",
            "config/packages/prod/deprecations.yaml",
            "config/packages/prod/monolog.yaml",
            "config/packages/test/monolog.yaml"
        ]
    },
    "symfony/phpunit-bridge": {
        "version": "5.1",
        "recipe": {
            "repo": "github.com/symfony/recipes",
            "branch": "master",
            "version": "5.1",
            "ref": "bf16921ef8309a81d9f046e9b6369c46bcbd031f"
        },
        "files": [
            ".env.test",
            "bin/phpunit",
            "phpunit.xml.dist",
            "tests/bootstrap.php"
        ]
    },
    "symfony/ux-chartjs": {
        "version": "v1.2.0"
    },
    "symfony/webpack-encore-bundle": {
        "version": "1.9",
        "recipe": {
            "repo": "github.com/symfony/recipes",
            "branch": "master",
            "version": "1.9",
            "ref": "579d8de06df2ceb34d39e84e84c0c051b9b5ac68"
        },
        "files": [
            "assets/app.js",
            "assets/bootstrap.js",
            "assets/controllers.json",
            "assets/controllers/hello_controller.js",
            "assets/styles/app.css",
            "config/packages/assets.yaml",
            "config/packages/prod/webpack_encore.yaml",
            "config/packages/test/webpack_encore.yaml",
            "config/packages/webpack_encore.yaml",
            "package.json",
            "webpack.config.js"
        ]
    },
    "webmozart/assert": {
        "version": "1.10.0"
    }
}
